// !$*UTF8*$!
{
	archiveVersion = 1;
	classes = {
	};
	objectVersion = 46;
	objects = {

/* Begin PBXBuildFile section */
		41E979DB1C393DE7003A3354 /* main.m in Sources */ = {isa = PBXBuildFile; fileRef = 41E979DA1C393DE7003A3354 /* main.m */; };
		41E979DE1C393DE7003A3354 /* AppDelegate.m in Sources */ = {isa = PBXBuildFile; fileRef = 41E979DD1C393DE7003A3354 /* AppDelegate.m */; };
		41E979E11C393DE7003A3354 /* ViewController.m in Sources */ = {isa = PBXBuildFile; fileRef = 41E979E01C393DE7003A3354 /* ViewController.m */; };
		41E979E41C393DE7003A3354 /* Main.storyboard in Resources */ = {isa = PBXBuildFile; fileRef = 41E979E21C393DE7003A3354 /* Main.storyboard */; };
		41E979E61C393DE7003A3354 /* Images.xcassets in Resources */ = {isa = PBXBuildFile; fileRef = 41E979E51C393DE7003A3354 /* Images.xcassets */; };
		41E979E91C393DE7003A3354 /* LaunchScreen.xib in Resources */ = {isa = PBXBuildFile; fileRef = 41E979E71C393DE7003A3354 /* LaunchScreen.xib */; };
		41E979F51C393DE8003A3354 /* PushyAppTests.m in Sources */ = {isa = PBXBuildFile; fileRef = 41E979F41C393DE8003A3354 /* PushyAppTests.m */; };
/* End PBXBuildFile section */

/* Begin PBXContainerItemProxy section */
		41E979EF1C393DE8003A3354 /* PBXContainerItemProxy */ = {
			isa = PBXContainerItemProxy;
			containerPortal = 41E979CD1C393DE7003A3354 /* Project object */;
			proxyType = 1;
			remoteGlobalIDString = 41E979D41C393DE7003A3354;
			remoteInfo = PushyApp;
		};
/* End PBXContainerItemProxy section */

/* Begin PBXFileReference section */
		41E979D51C393DE7003A3354 /* PushyApp.app */ = {isa = PBXFileReference; explicitFileType = wrapper.application; includeInIndex = 0; path = PushyApp.app; sourceTree = BUILT_PRODUCTS_DIR; };
		41E979D91C393DE7003A3354 /* Info.plist */ = {isa = PBXFileReference; lastKnownFileType = text.plist.xml; path = Info.plist; sourceTree = "<group>"; };
		41E979DA1C393DE7003A3354 /* main.m */ = {isa = PBXFileReference; lastKnownFileType = sourcecode.c.objc; path = main.m; sourceTree = "<group>"; };
		41E979DC1C393DE7003A3354 /* AppDelegate.h */ = {isa = PBXFileReference; lastKnownFileType = sourcecode.c.h; path = AppDelegate.h; sourceTree = "<group>"; };
		41E979DD1C393DE7003A3354 /* AppDelegate.m */ = {isa = PBXFileReference; lastKnownFileType = sourcecode.c.objc; path = AppDelegate.m; sourceTree = "<group>"; };
		41E979DF1C393DE7003A3354 /* ViewController.h */ = {isa = PBXFileReference; lastKnownFileType = sourcecode.c.h; path = ViewController.h; sourceTree = "<group>"; };
		41E979E01C393DE7003A3354 /* ViewController.m */ = {isa = PBXFileReference; lastKnownFileType = sourcecode.c.objc; path = ViewController.m; sourceTree = "<group>"; };
		41E979E31C393DE7003A3354 /* Base */ = {isa = PBXFileReference; lastKnownFileType = file.storyboard; name = Base; path = Base.lproj/Main.storyboard; sourceTree = "<group>"; };
		41E979E51C393DE7003A3354 /* Images.xcassets */ = {isa = PBXFileReference; lastKnownFileType = folder.assetcatalog; path = Images.xcassets; sourceTree = "<group>"; };
		41E979E81C393DE7003A3354 /* Base */ = {isa = PBXFileReference; lastKnownFileType = file.xib; name = Base; path = Base.lproj/LaunchScreen.xib; sourceTree = "<group>"; };
		41E979EE1C393DE8003A3354 /* PushyAppTests.xctest */ = {isa = PBXFileReference; explicitFileType = wrapper.cfbundle; includeInIndex = 0; path = PushyAppTests.xctest; sourceTree = BUILT_PRODUCTS_DIR; };
		41E979F31C393DE8003A3354 /* Info.plist */ = {isa = PBXFileReference; lastKnownFileType = text.plist.xml; path = Info.plist; sourceTree = "<group>"; };
		41E979F41C393DE8003A3354 /* PushyAppTests.m */ = {isa = PBXFileReference; lastKnownFileType = sourcecode.c.objc; path = PushyAppTests.m; sourceTree = "<group>"; };
/* End PBXFileReference section */

/* Begin PBXFrameworksBuildPhase section */
		41E979D21C393DE7003A3354 /* Frameworks */ = {
			isa = PBXFrameworksBuildPhase;
			buildActionMask = 2147483647;
			files = (
			);
			runOnlyForDeploymentPostprocessing = 0;
		};
		41E979EB1C393DE8003A3354 /* Frameworks */ = {
			isa = PBXFrameworksBuildPhase;
			buildActionMask = 2147483647;
			files = (
			);
			runOnlyForDeploymentPostprocessing = 0;
		};
/* End PBXFrameworksBuildPhase section */

/* Begin PBXGroup section */
		41E979CC1C393DE7003A3354 = {
			isa = PBXGroup;
			children = (
				41E979D71C393DE7003A3354 /* PushyApp */,
				41E979F11C393DE8003A3354 /* PushyAppTests */,
				41E979D61C393DE7003A3354 /* Products */,
			);
			sourceTree = "<group>";
		};
		41E979D61C393DE7003A3354 /* Products */ = {
			isa = PBXGroup;
			children = (
				41E979D51C393DE7003A3354 /* PushyApp.app */,
				41E979EE1C393DE8003A3354 /* PushyAppTests.xctest */,
			);
			name = Products;
			sourceTree = "<group>";
		};
		41E979D71C393DE7003A3354 /* PushyApp */ = {
			isa = PBXGroup;
			children = (
				41E979DC1C393DE7003A3354 /* AppDelegate.h */,
				41E979DD1C393DE7003A3354 /* AppDelegate.m */,
				41E979DF1C393DE7003A3354 /* ViewController.h */,
				41E979E01C393DE7003A3354 /* ViewController.m */,
				41E979E21C393DE7003A3354 /* Main.storyboard */,
				41E979E51C393DE7003A3354 /* Images.xcassets */,
				41E979E71C393DE7003A3354 /* LaunchScreen.xib */,
				41E979D81C393DE7003A3354 /* Supporting Files */,
			);
			path = PushyApp;
			sourceTree = "<group>";
		};
		41E979D81C393DE7003A3354 /* Supporting Files */ = {
			isa = PBXGroup;
			children = (
				41E979D91C393DE7003A3354 /* Info.plist */,
				41E979DA1C393DE7003A3354 /* main.m */,
			);
			name = "Supporting Files";
			sourceTree = "<group>";
		};
		41E979F11C393DE8003A3354 /* PushyAppTests */ = {
			isa = PBXGroup;
			children = (
				41E979F41C393DE8003A3354 /* PushyAppTests.m */,
				41E979F21C393DE8003A3354 /* Supporting Files */,
			);
			path = PushyAppTests;
			sourceTree = "<group>";
		};
		41E979F21C393DE8003A3354 /* Supporting Files */ = {
			isa = PBXGroup;
			children = (
				41E979F31C393DE8003A3354 /* Info.plist */,
			);
			name = "Supporting Files";
			sourceTree = "<group>";
		};
/* End PBXGroup section */

/* Begin PBXNativeTarget section */
		41E979D41C393DE7003A3354 /* PushyApp */ = {
			isa = PBXNativeTarget;
			buildConfigurationList = 41E979F81C393DE8003A3354 /* Build configuration list for PBXNativeTarget "PushyApp" */;
			buildPhases = (
				41E979D11C393DE7003A3354 /* Sources */,
				41E979D21C393DE7003A3354 /* Frameworks */,
				41E979D31C393DE7003A3354 /* Resources */,
			);
			buildRules = (
			);
			dependencies = (
			);
			name = PushyApp;
			productName = PushyApp;
			productReference = 41E979D51C393DE7003A3354 /* PushyApp.app */;
			productType = "com.apple.product-type.application";
		};
		41E979ED1C393DE8003A3354 /* PushyAppTests */ = {
			isa = PBXNativeTarget;
			buildConfigurationList = 41E979FB1C393DE8003A3354 /* Build configuration list for PBXNativeTarget "PushyAppTests" */;
			buildPhases = (
				41E979EA1C393DE8003A3354 /* Sources */,
				41E979EB1C393DE8003A3354 /* Frameworks */,
				41E979EC1C393DE8003A3354 /* Resources */,
			);
			buildRules = (
			);
			dependencies = (
				41E979F01C393DE8003A3354 /* PBXTargetDependency */,
			);
			name = PushyAppTests;
			productName = PushyAppTests;
			productReference = 41E979EE1C393DE8003A3354 /* PushyAppTests.xctest */;
			productType = "com.apple.product-type.bundle.unit-test";
		};
/* End PBXNativeTarget section */

/* Begin PBXProject section */
		41E979CD1C393DE7003A3354 /* Project object */ = {
			isa = PBXProject;
			attributes = {
				LastUpgradeCheck = 0600;
				ORGANIZATIONNAME = Andres;
				TargetAttributes = {
					41E979D41C393DE7003A3354 = {
						CreatedOnToolsVersion = 6.0.1;
					};
					41E979ED1C393DE8003A3354 = {
						CreatedOnToolsVersion = 6.0.1;
						TestTargetID = 41E979D41C393DE7003A3354;
					};
				};
			};
			buildConfigurationList = 41E979D01C393DE7003A3354 /* Build configuration list for PBXProject "PushyApp" */;
			compatibilityVersion = "Xcode 3.2";
			developmentRegion = English;
			hasScannedForEncodings = 0;
			knownRegions = (
				en,
				Base,
			);
			mainGroup = 41E979CC1C393DE7003A3354;
			productRefGroup = 41E979D61C393DE7003A3354 /* Products */;
			projectDirPath = "";
			projectRoot = "";
			targets = (
				41E979D41C393DE7003A3354 /* PushyApp */,
				41E979ED1C393DE8003A3354 /* PushyAppTests */,
			);
		};
/* End PBXProject section */

/* Begin PBXResourcesBuildPhase section */
		41E979D31C393DE7003A3354 /* Resources */ = {
			isa = PBXResourcesBuildPhase;
			buildActionMask = 2147483647;
			files = (
				41E979E41C393DE7003A3354 /* Main.storyboard in Resources */,
				41E979E91C393DE7003A3354 /* LaunchScreen.xib in Resources */,
				41E979E61C393DE7003A3354 /* Images.xcassets in Resources */,
			);
			runOnlyForDeploymentPostprocessing = 0;
		};
		41E979EC1C393DE8003A3354 /* Resources */ = {
			isa = PBXResourcesBuildPhase;
			buildActionMask = 2147483647;
			files = (
			);
			runOnlyForDeploymentPostprocessing = 0;
		};
/* End PBXResourcesBuildPhase section */

/* Begin PBXSourcesBuildPhase section */
		41E979D11C393DE7003A3354 /* Sources */ = {
			isa = PBXSourcesBuildPhase;
			buildActionMask = 2147483647;
			files = (
				41E979E11C393DE7003A3354 /* ViewController.m in Sources */,
				41E979DE1C393DE7003A3354 /* AppDelegate.m in Sources */,
				41E979DB1C393DE7003A3354 /* main.m in Sources */,
			);
			runOnlyForDeploymentPostprocessing = 0;
		};
		41E979EA1C393DE8003A3354 /* Sources */ = {
			isa = PBXSourcesBuildPhase;
			buildActionMask = 2147483647;
			files = (
				41E979F51C393DE8003A3354 /* PushyAppTests.m in Sources */,
			);
			runOnlyForDeploymentPostprocessing = 0;
		};
/* End PBXSourcesBuildPhase section */

/* Begin PBXTargetDependency section */
		41E979F01C393DE8003A3354 /* PBXTargetDependency */ = {
			isa = PBXTargetDependency;
			target = 41E979D41C393DE7003A3354 /* PushyApp */;
			targetProxy = 41E979EF1C393DE8003A3354 /* PBXContainerItemProxy */;
		};
/* End PBXTargetDependency section */

/* Begin PBXVariantGroup section */
		41E979E21C393DE7003A3354 /* Main.storyboard */ = {
			isa = PBXVariantGroup;
			children = (
				41E979E31C393DE7003A3354 /* Base */,
			);
			name = Main.storyboard;
			sourceTree = "<group>";
		};
		41E979E71C393DE7003A3354 /* LaunchScreen.xib */ = {
			isa = PBXVariantGroup;
			children = (
				41E979E81C393DE7003A3354 /* Base */,
			);
			name = LaunchScreen.xib;
			sourceTree = "<group>";
		};
/* End PBXVariantGroup section */

/* Begin XCBuildConfiguration section */
		41E979F61C393DE8003A3354 /* Debug */ = {
			isa = XCBuildConfiguration;
			buildSettings = {
				ALWAYS_SEARCH_USER_PATHS = NO;
				CLANG_CXX_LANGUAGE_STANDARD = "gnu++0x";
				CLANG_CXX_LIBRARY = "libc++";
				CLANG_ENABLE_MODULES = YES;
				CLANG_ENABLE_OBJC_ARC = YES;
				CLANG_WARN_BOOL_CONVERSION = YES;
				CLANG_WARN_CONSTANT_CONVERSION = YES;
				CLANG_WARN_DIRECT_OBJC_ISA_USAGE = YES_ERROR;
				CLANG_WARN_EMPTY_BODY = YES;
				CLANG_WARN_ENUM_CONVERSION = YES;
				CLANG_WARN_INT_CONVERSION = YES;
				CLANG_WARN_OBJC_ROOT_CLASS = YES_ERROR;
				CLANG_WARN_UNREACHABLE_CODE = YES;
				CLANG_WARN__DUPLICATE_METHOD_MATCH = YES;
				"CODE_SIGN_IDENTITY[sdk=iphoneos*]" = "iPhone Developer";
				COPY_PHASE_STRIP = NO;
				ENABLE_STRICT_OBJC_MSGSEND = YES;
				GCC_C_LANGUAGE_STANDARD = gnu99;
				GCC_DYNAMIC_NO_PIC = NO;
				GCC_OPTIMIZATION_LEVEL = 0;
				GCC_PREPROCESSOR_DEFINITIONS = (
					"DEBUG=1",
					"$(inherited)",
				);
				GCC_SYMBOLS_PRIVATE_EXTERN = NO;
				GCC_WARN_64_TO_32_BIT_CONVERSION = YES;
				GCC_WARN_ABOUT_RETURN_TYPE = YES_ERROR;
				GCC_WARN_UNDECLARED_SELECTOR = YES;
				GCC_WARN_UNINITIALIZED_AUTOS = YES_AGGRESSIVE;
				GCC_WARN_UNUSED_FUNCTION = YES;
				GCC_WARN_UNUSED_VARIABLE = YES;
				IPHONEOS_DEPLOYMENT_TARGET = 8.0;
				MTL_ENABLE_DEBUG_INFO = YES;
				ONLY_ACTIVE_ARCH = YES;
				SDKROOT = iphoneos;
				TARGETED_DEVICE_FAMILY = "1,2";
			};
			name = Debug;
		};
		41E979F71C393DE8003A3354 /* Release */ = {
			isa = XCBuildConfiguration;
			buildSettings = {
				ALWAYS_SEARCH_USER_PATHS = NO;
				CLANG_CXX_LANGUAGE_STANDARD = "gnu++0x";
				CLANG_CXX_LIBRARY = "libc++";
				CLANG_ENABLE_MODULES = YES;
				CLANG_ENABLE_OBJC_ARC = YES;
				CLANG_WARN_BOOL_CONVERSION = YES;
				CLANG_WARN_CONSTANT_CONVERSION = YES;
				CLANG_WARN_DIRECT_OBJC_ISA_USAGE = YES_ERROR;
				CLANG_WARN_EMPTY_BODY = YES;
				CLANG_WARN_ENUM_CONVERSION = YES;
				CLANG_WARN_INT_CONVERSION = YES;
				CLANG_WARN_OBJC_ROOT_CLASS = YES_ERROR;
				CLANG_WARN_UNREACHABLE_CODE = YES;
				CLANG_WARN__DUPLICATE_METHOD_MATCH = YES;
				"CODE_SIGN_IDENTITY[sdk=iphoneos*]" = "iPhone Developer";
				COPY_PHASE_STRIP = YES;
				ENABLE_NS_ASSERTIONS = NO;
				ENABLE_STRICT_OBJC_MSGSEND = YES;
				GCC_C_LANGUAGE_STANDARD = gnu99;
				GCC_WARN_64_TO_32_BIT_CONVERSION = YES;
				GCC_WARN_ABOUT_RETURN_TYPE = YES_ERROR;
				GCC_WARN_UNDECLARED_SELECTOR = YES;
				GCC_WARN_UNINITIALIZED_AUTOS = YES_AGGRESSIVE;
				GCC_WARN_UNUSED_FUNCTION = YES;
				GCC_WARN_UNUSED_VARIABLE = YES;
				IPHONEOS_DEPLOYMENT_TARGET = 8.0;
				MTL_ENABLE_DEBUG_INFO = NO;
				SDKROOT = iphoneos;
				TARGETED_DEVICE_FAMILY = "1,2";
				VALIDATE_PRODUCT = YES;
			};
			name = Release;
		};
		41E979F91C393DE8003A3354 /* Debug */ = {
			isa = XCBuildConfiguration;
			buildSettings = {
				ASSETCATALOG_COMPILER_APPICON_NAME = AppIcon;
				INFOPLIST_FILE = PushyApp/Info.plist;
				LD_RUNPATH_SEARCH_PATHS = "$(inherited) @executable_path/Frameworks";
				PRODUCT_NAME = "$(TARGET_NAME)";
			};
			name = Debug;
		};
		41E979FA1C393DE8003A3354 /* Release */ = {
			isa = XCBuildConfiguration;
			buildSettings = {
				ASSETCATALOG_COMPILER_APPICON_NAME = AppIcon;
				INFOPLIST_FILE = PushyApp/Info.plist;
				LD_RUNPATH_SEARCH_PATHS = "$(inherited) @executable_path/Frameworks";
				PRODUCT_NAME = "$(TARGET_NAME)";
			};
			name = Release;
		};
		41E979FC1C393DE8003A3354 /* Debug */ = {
			isa = XCBuildConfiguration;
			buildSettings = {
				BUNDLE_LOADER = "$(TEST_HOST)";
				FRAMEWORK_SEARCH_PATHS = (
					"$(SDKROOT)/Developer/Library/Frameworks",
					"$(inherited)",
				);
				GCC_PREPROCESSOR_DEFINITIONS = (
					"DEBUG=1",
					"$(inherited)",
				);
				INFOPLIST_FILE = PushyAppTests/Info.plist;
				LD_RUNPATH_SEARCH_PATHS = "$(inherited) @executable_path/Frameworks @loader_path/Frameworks";
				PRODUCT_NAME = "$(TARGET_NAME)";
				TEST_HOST = "$(BUILT_PRODUCTS_DIR)/PushyApp.app/PushyApp";
			};
			name = Debug;
		};
		41E979FD1C393DE8003A3354 /* Release */ = {
			isa = XCBuildConfiguration;
			buildSettings = {
				BUNDLE_LOADER = "$(TEST_HOST)";
				FRAMEWORK_SEARCH_PATHS = (
					"$(SDKROOT)/Developer/Library/Frameworks",
					"$(inherited)",
				);
				INFOPLIST_FILE = PushyAppTests/Info.plist;
				LD_RUNPATH_SEARCH_PATHS = "$(inherited) @executable_path/Frameworks @loader_path/Frameworks";
				PRODUCT_NAME = "$(TARGET_NAME)";
				TEST_HOST = "$(BUILT_PRODUCTS_DIR)/PushyApp.app/PushyApp";
			};
			name = Release;
		};
/* End XCBuildConfiguration section */

/* Begin XCConfigurationList section */
		41E979D01C393DE7003A3354 /* Build configuration list for PBXProject "PushyApp" */ = {
			isa = XCConfigurationList;
			buildConfigurations = (
				41E979F61C393DE8003A3354 /* Debug */,
				41E979F71C393DE8003A3354 /* Release */,
			);
			defaultConfigurationIsVisible = 0;
			defaultConfigurationName = Release;
		};
		41E979F81C393DE8003A3354 /* Build configuration list for PBXNativeTarget "PushyApp" */ = {
			isa = XCConfigurationList;
			buildConfigurations = (
				41E979F91C393DE8003A3354 /* Debug */,
				41E979FA1C393DE8003A3354 /* Release */,
			);
			defaultConfigurationIsVisible = 0;
		};
		41E979FB1C393DE8003A3354 /* Build configuration list for PBXNativeTarget "PushyAppTests" */ = {
			isa = XCConfigurationList;
			buildConfigurations = (
				41E979FC1C393DE8003A3354 /* Debug */,
				41E979FD1C393DE8003A3354 /* Release */,
			);
			defaultConfigurationIsVisible = 0;
		};
/* End XCConfigurationList section */
	};
	rootObject = 41E979CD1C393DE7003A3354 /* Project object */;
}
